// !$*UTF8*$!
{
	archiveVersion = 1;
	classes = {
	};
	objectVersion = 50;
	objects = {

/* Begin PBXBuildFile section */
		095862D221C3E9B0000EBD6A /* Assets.xcassets in Resources */ = {isa = PBXBuildFile; fileRef = 095862D121C3E9B0000EBD6A /* Assets.xcassets */; };
		095862E021C3EA55000EBD6A /* cocoasudo.m in Sources */ = {isa = PBXBuildFile; fileRef = 095862DF21C3EA55000EBD6A /* cocoasudo.m */; };
		095862F621C3EA8A000EBD6A /* NPTask.framework in Frameworks */ = {isa = PBXBuildFile; fileRef = 095862EA21C3EA73000EBD6A /* NPTask.framework */; };
		095862F821C3EA99000EBD6A /* NPTask.framework in Copy Frameworks */ = {isa = PBXBuildFile; fileRef = 095862EA21C3EA73000EBD6A /* NPTask.framework */; settings = {ATTRIBUTES = (CodeSignOnCopy, RemoveHeadersOnCopy, ); }; };
		095862FE21C3EB93000EBD6A /* cocoasudo.1 in Copy Man Page */ = {isa = PBXBuildFile; fileRef = 095862FC21C3EB8B000EBD6A /* cocoasudo.1 */; };
		0958630621C3F41C000EBD6A /* ExecutableBinary_16x16.png in Resources */ = {isa = PBXBuildFile; fileRef = 0958630121C3F41C000EBD6A /* ExecutableBinary_16x16.png */; };
		0958632C21C45178000EBD6A /* cocoasudo.sh in Resources */ = {isa = PBXBuildFile; fileRef = 0958632B21C45178000EBD6A /* cocoasudo.sh */; };
/* End PBXBuildFile section */

/* Begin PBXContainerItemProxy section */
		095862E921C3EA73000EBD6A /* PBXContainerItemProxy */ = {
			isa = PBXContainerItemProxy;
			containerPortal = 095862E121C3EA73000EBD6A /* NPTask.xcodeproj */;
			proxyType = 2;
			remoteGlobalIDString = 0966C5A6215DB1D0006B2DAA;
			remoteInfo = NPTask;
		};
		095862EB21C3EA73000EBD6A /* PBXContainerItemProxy */ = {
			isa = PBXContainerItemProxy;
			containerPortal = 095862E121C3EA73000EBD6A /* NPTask.xcodeproj */;
			proxyType = 2;
			remoteGlobalIDString = 0966C5C6215DB277006B2DAA;
			remoteInfo = SMJobBlessHelper;
		};
		095862ED21C3EA73000EBD6A /* PBXContainerItemProxy */ = {
			isa = PBXContainerItemProxy;
			containerPortal = 095862E121C3EA73000EBD6A /* NPTask.xcodeproj */;
			proxyType = 2;
			remoteGlobalIDString = 092F04E9215E69BA00869C20;
			remoteInfo = NPAuthenticator;
		};
		095862EF21C3EA73000EBD6A /* PBXContainerItemProxy */ = {
			isa = PBXContainerItemProxy;
			containerPortal = 095862E121C3EA73000EBD6A /* NPTask.xcodeproj */;
			proxyType = 2;
			remoteGlobalIDString = 0966C5D1215DB2D5006B2DAA;
			remoteInfo = tester;
		};
		095862F121C3EA73000EBD6A /* PBXContainerItemProxy */ = {
			isa = PBXContainerItemProxy;
			containerPortal = 095862E121C3EA73000EBD6A /* NPTask.xcodeproj */;
			proxyType = 2;
			remoteGlobalIDString = 0966C5AF215DB1D0006B2DAA;
			remoteInfo = NPTaskTests;
		};
		095862F321C3EA7F000EBD6A /* PBXContainerItemProxy */ = {
			isa = PBXContainerItemProxy;
			containerPortal = 095862E121C3EA73000EBD6A /* NPTask.xcodeproj */;
			proxyType = 1;
			remoteGlobalIDString = 0966C5A5215DB1D0006B2DAA;
			remoteInfo = NPTask;
		};
/* End PBXContainerItemProxy section */

/* Begin PBXCopyFilesBuildPhase section */
		095862F721C3EA8E000EBD6A /* Copy Frameworks */ = {
			isa = PBXCopyFilesBuildPhase;
			buildActionMask = 2147483647;
			dstPath = "";
			dstSubfolderSpec = 10;
			files = (
				095862F821C3EA99000EBD6A /* NPTask.framework in Copy Frameworks */,
			);
			name = "Copy Frameworks";
			runOnlyForDeploymentPostprocessing = 0;
		};
		095862FB21C3EB22000EBD6A /* Copy Man Page */ = {
			isa = PBXCopyFilesBuildPhase;
			buildActionMask = 8;
			dstPath = /usr/share/man/man1;
			dstSubfolderSpec = 0;
			files = (
				095862FE21C3EB93000EBD6A /* cocoasudo.1 in Copy Man Page */,
			);
			name = "Copy Man Page";
			runOnlyForDeploymentPostprocessing = 1;
		};
/* End PBXCopyFilesBuildPhase section */

/* Begin PBXFileReference section */
		095862C821C3E9AF000EBD6A /* cocoasudo.app */ = {isa = PBXFileReference; explicitFileType = wrapper.application; includeInIndex = 0; path = cocoasudo.app; sourceTree = BUILT_PRODUCTS_DIR; };
		095862D121C3E9B0000EBD6A /* Assets.xcassets */ = {isa = PBXFileReference; lastKnownFileType = folder.assetcatalog; path = Assets.xcassets; sourceTree = "<group>"; };
		095862D621C3E9B0000EBD6A /* Info.plist */ = {isa = PBXFileReference; lastKnownFileType = text.plist.xml; path = Info.plist; sourceTree = "<group>"; };
		095862DF21C3EA55000EBD6A /* cocoasudo.m */ = {isa = PBXFileReference; fileEncoding = 4; lastKnownFileType = sourcecode.c.objc; path = cocoasudo.m; sourceTree = SOURCE_ROOT; };
		095862E121C3EA73000EBD6A /* NPTask.xcodeproj */ = {isa = PBXFileReference; lastKnownFileType = "wrapper.pb-project"; name = NPTask.xcodeproj; path = NPTask/NPTask.xcodeproj; sourceTree = "<group>"; };
		095862F921C3EAE5000EBD6A /* cocoasudo_Prefix.pch */ = {isa = PBXFileReference; fileEncoding = 4; lastKnownFileType = sourcecode.c.h; path = cocoasudo_Prefix.pch; sourceTree = SOURCE_ROOT; };
		095862FC21C3EB8B000EBD6A /* cocoasudo.1 */ = {isa = PBXFileReference; fileEncoding = 4; lastKnownFileType = text.man; name = cocoasudo.1; path = Documentation/cocoasudo.1; sourceTree = SOURCE_ROOT; };
		0958630121C3F41C000EBD6A /* ExecutableBinary_16x16.png */ = {isa = PBXFileReference; lastKnownFileType = image.png; path = ExecutableBinary_16x16.png; sourceTree = "<group>"; };
		0958632B21C45178000EBD6A /* cocoasudo.sh */ = {isa = PBXFileReference; lastKnownFileType = text.script.sh; name = cocoasudo.sh; path = Resources/cocoasudo.sh; sourceTree = SOURCE_ROOT; };
/* End PBXFileReference section */

/* Begin PBXFrameworksBuildPhase section */
		095862C521C3E9AF000EBD6A /* Frameworks */ = {
			isa = PBXFrameworksBuildPhase;
			buildActionMask = 2147483647;
			files = (
				095862F621C3EA8A000EBD6A /* NPTask.framework in Frameworks */,
			);
			runOnlyForDeploymentPostprocessing = 0;
		};
/* End PBXFrameworksBuildPhase section */

/* Begin PBXGroup section */
		095862BF21C3E9AF000EBD6A = {
			isa = PBXGroup;
			children = (
				095862E121C3EA73000EBD6A /* NPTask.xcodeproj */,
				095862FF21C3EBB0000EBD6A /* Documentation */,
				095862CA21C3E9AF000EBD6A /* cocoasudo */,
				095862C921C3E9AF000EBD6A /* Products */,
				095862F521C3EA8A000EBD6A /* Frameworks */,
			);
			sourceTree = "<group>";
		};
		095862C921C3E9AF000EBD6A /* Products */ = {
			isa = PBXGroup;
			children = (
				095862C821C3E9AF000EBD6A /* cocoasudo.app */,
			);
			name = Products;
			sourceTree = "<group>";
		};
		095862CA21C3E9AF000EBD6A /* cocoasudo */ = {
			isa = PBXGroup;
			children = (
				0958630121C3F41C000EBD6A /* ExecutableBinary_16x16.png */,
				095862D121C3E9B0000EBD6A /* Assets.xcassets */,
				095862D621C3E9B0000EBD6A /* Info.plist */,
				095862F921C3EAE5000EBD6A /* cocoasudo_Prefix.pch */,
				095862DF21C3EA55000EBD6A /* cocoasudo.m */,
				0958632B21C45178000EBD6A /* cocoasudo.sh */,
			);
			path = cocoasudo;
			sourceTree = "<group>";
		};
		095862E221C3EA73000EBD6A /* Products */ = {
			isa = PBXGroup;
			children = (
				095862EA21C3EA73000EBD6A /* NPTask.framework */,
				095862EC21C3EA73000EBD6A /* npyl.NPTask.SMJobBlessHelper */,
				095862EE21C3EA73000EBD6A /* NPAuthenticator.app */,
				095862F021C3EA73000EBD6A /* tester */,
				095862F221C3EA73000EBD6A /* NPTaskTests.xctest */,
			);
			name = Products;
			sourceTree = "<group>";
		};
		095862F521C3EA8A000EBD6A /* Frameworks */ = {
			isa = PBXGroup;
			children = (
			);
			name = Frameworks;
			sourceTree = "<group>";
		};
		095862FF21C3EBB0000EBD6A /* Documentation */ = {
			isa = PBXGroup;
			children = (
				095862FC21C3EB8B000EBD6A /* cocoasudo.1 */,
			);
			path = Documentation;
			sourceTree = "<group>";
		};
/* End PBXGroup section */

/* Begin PBXNativeTarget section */
		095862C721C3E9AF000EBD6A /* cocoasudo */ = {
			isa = PBXNativeTarget;
			buildConfigurationList = 095862DC21C3E9B1000EBD6A /* Build configuration list for PBXNativeTarget "cocoasudo" */;
			buildPhases = (
				095862C421C3E9AF000EBD6A /* Sources */,
				095862C521C3E9AF000EBD6A /* Frameworks */,
				095862C621C3E9AF000EBD6A /* Resources */,
				095862F721C3EA8E000EBD6A /* Copy Frameworks */,
				095862FB21C3EB22000EBD6A /* Copy Man Page */,
			);
			buildRules = (
			);
			dependencies = (
				095862F421C3EA7F000EBD6A /* PBXTargetDependency */,
			);
			name = cocoasudo;
			productName = cocoasudo;
			productReference = 095862C821C3E9AF000EBD6A /* cocoasudo.app */;
			productType = "com.apple.product-type.application";
		};
/* End PBXNativeTarget section */

/* Begin PBXProject section */
		095862C021C3E9AF000EBD6A /* Project object */ = {
			isa = PBXProject;
			attributes = {
				LastUpgradeCheck = 1010;
				ORGANIZATIONNAME = "Nickolas Pylarinos Stamatelatos";
				TargetAttributes = {
					095862C721C3E9AF000EBD6A = {
						CreatedOnToolsVersion = 10.1;
					};
				};
			};
			buildConfigurationList = 095862C321C3E9AF000EBD6A /* Build configuration list for PBXProject "cocoasudo" */;
			compatibilityVersion = "Xcode 9.3";
			developmentRegion = en;
			hasScannedForEncodings = 0;
			knownRegions = (
				en,
				Base,
			);
			mainGroup = 095862BF21C3E9AF000EBD6A;
			productRefGroup = 095862C921C3E9AF000EBD6A /* Products */;
			projectDirPath = "";
			projectReferences = (
				{
					ProductGroup = 095862E221C3EA73000EBD6A /* Products */;
					ProjectRef = 095862E121C3EA73000EBD6A /* NPTask.xcodeproj */;
				},
			);
			projectRoot = "";
			targets = (
				095862C721C3E9AF000EBD6A /* cocoasudo */,
			);
		};
/* End PBXProject section */

/* Begin PBXReferenceProxy section */
		095862EA21C3EA73000EBD6A /* NPTask.framework */ = {
			isa = PBXReferenceProxy;
			fileType = wrapper.framework;
			path = NPTask.framework;
			remoteRef = 095862E921C3EA73000EBD6A /* PBXContainerItemProxy */;
			sourceTree = BUILT_PRODUCTS_DIR;
		};
		095862EC21C3EA73000EBD6A /* npyl.NPTask.SMJobBlessHelper */ = {
			isa = PBXReferenceProxy;
			fileType = "compiled.mach-o.executable";
			path = npyl.NPTask.SMJobBlessHelper;
			remoteRef = 095862EB21C3EA73000EBD6A /* PBXContainerItemProxy */;
			sourceTree = BUILT_PRODUCTS_DIR;
		};
		095862EE21C3EA73000EBD6A /* NPAuthenticator.app */ = {
			isa = PBXReferenceProxy;
			fileType = wrapper.application;
			path = NPAuthenticator.app;
			remoteRef = 095862ED21C3EA73000EBD6A /* PBXContainerItemProxy */;
			sourceTree = BUILT_PRODUCTS_DIR;
		};
		095862F021C3EA73000EBD6A /* tester */ = {
			isa = PBXReferenceProxy;
			fileType = "compiled.mach-o.executable";
			path = tester;
			remoteRef = 095862EF21C3EA73000EBD6A /* PBXContainerItemProxy */;
			sourceTree = BUILT_PRODUCTS_DIR;
		};
		095862F221C3EA73000EBD6A /* NPTaskTests.xctest */ = {
			isa = PBXReferenceProxy;
			fileType = wrapper.cfbundle;
			path = NPTaskTests.xctest;
			remoteRef = 095862F121C3EA73000EBD6A /* PBXContainerItemProxy */;
			sourceTree = BUILT_PRODUCTS_DIR;
		};
/* End PBXReferenceProxy section */

/* Begin PBXResourcesBuildPhase section */
		095862C621C3E9AF000EBD6A /* Resources */ = {
			isa = PBXResourcesBuildPhase;
			buildActionMask = 2147483647;
			files = (
				095862D221C3E9B0000EBD6A /* Assets.xcassets in Resources */,
				0958630621C3F41C000EBD6A /* ExecutableBinary_16x16.png in Resources */,
				0958632C21C45178000EBD6A /* cocoasudo.sh in Resources */,
			);
			runOnlyForDeploymentPostprocessing = 0;
		};
/* End PBXResourcesBuildPhase section */

/* Begin PBXSourcesBuildPhase section */
		095862C421C3E9AF000EBD6A /* Sources */ = {
			isa = PBXSourcesBuildPhase;
			buildActionMask = 2147483647;
			files = (
				095862E021C3EA55000EBD6A /* cocoasudo.m in Sources */,
			);
			runOnlyForDeploymentPostprocessing = 0;
		};
/* End PBXSourcesBuildPhase section */

/* Begin PBXTargetDependency section */
		095862F421C3EA7F000EBD6A /* PBXTargetDependency */ = {
			isa = PBXTargetDependency;
			name = NPTask;
			targetProxy = 095862F321C3EA7F000EBD6A /* PBXContainerItemProxy */;
		};
/* End PBXTargetDependency section */

/* Begin XCBuildConfiguration section */
		095862DA21C3E9B1000EBD6A /* Debug */ = {
			isa = XCBuildConfiguration;
			buildSettings = {
				ALWAYS_SEARCH_USER_PATHS = NO;
				CLANG_ANALYZER_NONNULL = YES;
				CLANG_ANALYZER_NUMBER_OBJECT_CONVERSION = YES_AGGRESSIVE;
				CLANG_CXX_LANGUAGE_STANDARD = "gnu++14";
				CLANG_CXX_LIBRARY = "libc++";
				CLANG_ENABLE_MODULES = YES;
				CLANG_ENABLE_OBJC_ARC = YES;
				CLANG_ENABLE_OBJC_WEAK = YES;
				CLANG_WARN_BLOCK_CAPTURE_AUTORELEASING = YES;
				CLANG_WARN_BOOL_CONVERSION = YES;
				CLANG_WARN_COMMA = YES;
				CLANG_WARN_CONSTANT_CONVERSION = YES;
				CLANG_WARN_DEPRECATED_OBJC_IMPLEMENTATIONS = YES;
				CLANG_WARN_DIRECT_OBJC_ISA_USAGE = YES_ERROR;
				CLANG_WARN_DOCUMENTATION_COMMENTS = YES;
				CLANG_WARN_EMPTY_BODY = YES;
				CLANG_WARN_ENUM_CONVERSION = YES;
				CLANG_WARN_INFINITE_RECURSION = YES;
				CLANG_WARN_INT_CONVERSION = YES;
				CLANG_WARN_NON_LITERAL_NULL_CONVERSION = YES;
				CLANG_WARN_OBJC_IMPLICIT_RETAIN_SELF = YES;
				CLANG_WARN_OBJC_LITERAL_CONVERSION = YES;
				CLANG_WARN_OBJC_ROOT_CLASS = YES_ERROR;
				CLANG_WARN_RANGE_LOOP_ANALYSIS = YES;
				CLANG_WARN_STRICT_PROTOTYPES = YES;
				CLANG_WARN_SUSPICIOUS_MOVE = YES;
				CLANG_WARN_UNGUARDED_AVAILABILITY = YES_AGGRESSIVE;
				CLANG_WARN_UNREACHABLE_CODE = YES;
				CLANG_WARN__DUPLICATE_METHOD_MATCH = YES;
				CODE_SIGN_IDENTITY = "Mac Developer";
				COPY_PHASE_STRIP = NO;
				DEBUG_INFORMATION_FORMAT = dwarf;
				ENABLE_STRICT_OBJC_MSGSEND = YES;
				ENABLE_TESTABILITY = YES;
				GCC_C_LANGUAGE_STANDARD = gnu11;
				GCC_DYNAMIC_NO_PIC = NO;
				GCC_NO_COMMON_BLOCKS = YES;
				GCC_OPTIMIZATION_LEVEL = 0;
				GCC_PREPROCESSOR_DEFINITIONS = (
					"DEBUG=1",
					"$(inherited)",
				);
				GCC_WARN_64_TO_32_BIT_CONVERSION = YES;
				GCC_WARN_ABOUT_RETURN_TYPE = YES_ERROR;
				GCC_WARN_UNDECLARED_SELECTOR = YES;
				GCC_WARN_UNINITIALIZED_AUTOS = YES_AGGRESSIVE;
				GCC_WARN_UNUSED_FUNCTION = YES;
				GCC_WARN_UNUSED_VARIABLE = YES;
				MACOSX_DEPLOYMENT_TARGET = 10.14;
				MTL_ENABLE_DEBUG_INFO = INCLUDE_SOURCE;
				MTL_FAST_MATH = YES;
				ONLY_ACTIVE_ARCH = YES;
				SDKROOT = macosx;
			};
			name = Debug;
		};
		095862DB21C3E9B1000EBD6A /* Release */ = {
			isa = XCBuildConfiguration;
			buildSettings = {
				ALWAYS_SEARCH_USER_PATHS = NO;
				CLANG_ANALYZER_NONNULL = YES;
				CLANG_ANALYZER_NUMBER_OBJECT_CONVERSION = YES_AGGRESSIVE;
				CLANG_CXX_LANGUAGE_STANDARD = "gnu++14";
				CLANG_CXX_LIBRARY = "libc++";
				CLANG_ENABLE_MODULES = YES;
				CLANG_ENABLE_OBJC_ARC = YES;
				CLANG_ENABLE_OBJC_WEAK = YES;
				CLANG_WARN_BLOCK_CAPTURE_AUTORELEASING = YES;
				CLANG_WARN_BOOL_CONVERSION = YES;
				CLANG_WARN_COMMA = YES;
				CLANG_WARN_CONSTANT_CONVERSION = YES;
				CLANG_WARN_DEPRECATED_OBJC_IMPLEMENTATIONS = YES;
				CLANG_WARN_DIRECT_OBJC_ISA_USAGE = YES_ERROR;
				CLANG_WARN_DOCUMENTATION_COMMENTS = YES;
				CLANG_WARN_EMPTY_BODY = YES;
				CLANG_WARN_ENUM_CONVERSION = YES;
				CLANG_WARN_INFINITE_RECURSION = YES;
				CLANG_WARN_INT_CONVERSION = YES;
				CLANG_WARN_NON_LITERAL_NULL_CONVERSION = YES;
				CLANG_WARN_OBJC_IMPLICIT_RETAIN_SELF = YES;
				CLANG_WARN_OBJC_LITERAL_CONVERSION = YES;
				CLANG_WARN_OBJC_ROOT_CLASS = YES_ERROR;
				CLANG_WARN_RANGE_LOOP_ANALYSIS = YES;
				CLANG_WARN_STRICT_PROTOTYPES = YES;
				CLANG_WARN_SUSPICIOUS_MOVE = YES;
				CLANG_WARN_UNGUARDED_AVAILABILITY = YES_AGGRESSIVE;
				CLANG_WARN_UNREACHABLE_CODE = YES;
				CLANG_WARN__DUPLICATE_METHOD_MATCH = YES;
				CODE_SIGN_IDENTITY = "Mac Developer";
				COPY_PHASE_STRIP = NO;
				DEBUG_INFORMATION_FORMAT = "dwarf-with-dsym";
				ENABLE_NS_ASSERTIONS = NO;
				ENABLE_STRICT_OBJC_MSGSEND = YES;
				GCC_C_LANGUAGE_STANDARD = gnu11;
				GCC_NO_COMMON_BLOCKS = YES;
				GCC_WARN_64_TO_32_BIT_CONVERSION = YES;
				GCC_WARN_ABOUT_RETURN_TYPE = YES_ERROR;
				GCC_WARN_UNDECLARED_SELECTOR = YES;
				GCC_WARN_UNINITIALIZED_AUTOS = YES_AGGRESSIVE;
				GCC_WARN_UNUSED_FUNCTION = YES;
				GCC_WARN_UNUSED_VARIABLE = YES;
				MACOSX_DEPLOYMENT_TARGET = 10.14;
				MTL_ENABLE_DEBUG_INFO = NO;
				MTL_FAST_MATH = YES;
				SDKROOT = macosx;
			};
			name = Release;
		};
		095862DD21C3E9B1000EBD6A /* Debug */ = {
			isa = XCBuildConfiguration;
			buildSettings = {
				ASSETCATALOG_COMPILER_APPICON_NAME = AppIcon;
				CODE_SIGN_STYLE = Automatic;
				COMBINE_HIDPI_IMAGES = YES;
				DEVELOPMENT_TEAM = CC63MSFH9N;
				INFOPLIST_FILE = cocoasudo/Info.plist;
				LD_RUNPATH_SEARCH_PATHS = (
					"$(inherited)",
					"@executable_path/../Frameworks",
				);
				PRODUCT_BUNDLE_IDENTIFIER = npyl.cocoasudo;
				PRODUCT_NAME = "$(TARGET_NAME)";
			};
			name = Debug;
		};
		095862DE21C3E9B1000EBD6A /* Release */ = {
			isa = XCBuildConfiguration;
			buildSettings = {
				ASSETCATALOG_COMPILER_APPICON_NAME = AppIcon;
				CODE_SIGN_STYLE = Automatic;
				COMBINE_HIDPI_IMAGES = YES;
				DEVELOPMENT_TEAM = CC63MSFH9N;
				INFOPLIST_FILE = cocoasudo/Info.plist;
				LD_RUNPATH_SEARCH_PATHS = (
					"$(inherited)",
					"@executable_path/../Frameworks",
				);
				PRODUCT_BUNDLE_IDENTIFIER = npyl.cocoasudo;
				PRODUCT_NAME = "$(TARGET_NAME)";
			};
			name = Release;
		};
/* End XCBuildConfiguration section */

/* Begin XCConfigurationList section */
		095862C321C3E9AF000EBD6A /* Build configuration list for PBXProject "cocoasudo" */ = {
			isa = XCConfigurationList;
			buildConfigurations = (
				095862DA21C3E9B1000EBD6A /* Debug */,
				095862DB21C3E9B1000EBD6A /* Release */,
			);
			defaultConfigurationIsVisible = 0;
			defaultConfigurationName = Release;
		};
		095862DC21C3E9B1000EBD6A /* Build configuration list for PBXNativeTarget "cocoasudo" */ = {
			isa = XCConfigurationList;
			buildConfigurations = (
				095862DD21C3E9B1000EBD6A /* Debug */,
				095862DE21C3E9B1000EBD6A /* Release */,
			);
			defaultConfigurationIsVisible = 0;
			defaultConfigurationName = Release;
		};
/* End XCConfigurationList section */
	};
	rootObject = 095862C021C3E9AF000EBD6A /* Project object */;
}
